
Microsoft Visual Studio Solution File, Format Version 12.00
# Visual Studio Version 17
VisualStudioVersion = 17.2.32526.322
MinimumVisualStudioVersion = 10.0.40219.1
Project("{FAE04EC0-301F-11D3-BF4B-00C04F79EFBC}") = "MovieRankingApp", "MovieRankingApp.csproj", "{8EF63F24-30BA-45EB-982C-274DBDD92095}"
EndProject
Global
	GlobalSection(SolutionConfigurationPlatforms) = preSolution
		Debug|Any CPU = Debug|Any CPU
		Release|Any CPU = Release|Any CPU
	EndGlobalSection
	GlobalSection(ProjectConfigurationPlatforms) = postSolution
		{8EF63F24-30BA-45EB-982C-274DBDD92095}.Debug|Any CPU.ActiveCfg = Debug|Any CPU
		{8EF63F24-30BA-45EB-982C-274DBDD92095}.Debug|Any CPU.Build.0 = Debug|Any CPU
		{8EF63F24-30BA-45EB-982C-274DBDD92095}.Release|Any CPU.ActiveCfg = Release|Any CPU
		{8EF63F24-30BA-45EB-982C-274DBDD92095}.Release|Any CPU.Build.0 = Release|Any CPU
	EndGlobalSection
	GlobalSection(SolutionProperties) = preSolution
		HideSolutionNode = FALSE
	EndGlobalSection
	GlobalSection(ExtensibilityGlobals) = postSolution
		SolutionGuid = {4EC971B6-A0CF-44EF-84F4-F2138BC9A9CB}
	EndGlobalSection
EndGlobal
